
Microsoft Visual Studio Solution File, Format Version 12.00
# Visual Studio Version 17
VisualStudioVersion = 17.7.34009.444
MinimumVisualStudioVersion = 10.0.40219.1
Project("{FAE04EC0-301F-11D3-BF4B-00C04F79EFBC}") = "LLamaStack.Core", "LLamaStack.Core\LLamaStack.Core.csproj", "{FE2E039A-D15E-4D12-ABFB-E0FFB8EE1E03}"
EndProject
Project("{FAE04EC0-301F-11D3-BF4B-00C04F79EFBC}") = "LLamaStack.Console", "LLamaStack.Console\LLamaStack.Console.csproj", "{31EB243D-9805-4F52-99ED-E7AF6CCF0D20}"
EndProject
Project("{FAE04EC0-301F-11D3-BF4B-00C04F79EFBC}") = "LLamaStack.WPF", "LLamaStack.WPF\LLamaStack.WPF.csproj", "{1290B8C7-43D7-4089-B800-DAFC9BD74D36}"
EndProject
Global
	GlobalSection(SolutionConfigurationPlatforms) = preSolution
		Debug|Any CPU = Debug|Any CPU
		Release|Any CPU = Release|Any CPU
	EndGlobalSection
	GlobalSection(ProjectConfigurationPlatforms) = postSolution
		{FE2E039A-D15E-4D12-ABFB-E0FFB8EE1E03}.Debug|Any CPU.ActiveCfg = Debug|Any CPU
		{FE2E039A-D15E-4D12-ABFB-E0FFB8EE1E03}.Debug|Any CPU.Build.0 = Debug|Any CPU
		{FE2E039A-D15E-4D12-ABFB-E0FFB8EE1E03}.Release|Any CPU.ActiveCfg = Release|Any CPU
		{FE2E039A-D15E-4D12-ABFB-E0FFB8EE1E03}.Release|Any CPU.Build.0 = Release|Any CPU
		{31EB243D-9805-4F52-99ED-E7AF6CCF0D20}.Debug|Any CPU.ActiveCfg = Debug|Any CPU
		{31EB243D-9805-4F52-99ED-E7AF6CCF0D20}.Debug|Any CPU.Build.0 = Debug|Any CPU
		{31EB243D-9805-4F52-99ED-E7AF6CCF0D20}.Release|Any CPU.ActiveCfg = Release|Any CPU
		{31EB243D-9805-4F52-99ED-E7AF6CCF0D20}.Release|Any CPU.Build.0 = Release|Any CPU
		{1290B8C7-43D7-4089-B800-DAFC9BD74D36}.Debug|Any CPU.ActiveCfg = Debug|Any CPU
		{1290B8C7-43D7-4089-B800-DAFC9BD74D36}.Debug|Any CPU.Build.0 = Debug|Any CPU
		{1290B8C7-43D7-4089-B800-DAFC9BD74D36}.Release|Any CPU.ActiveCfg = Release|Any CPU
		{1290B8C7-43D7-4089-B800-DAFC9BD74D36}.Release|Any CPU.Build.0 = Release|Any CPU
	EndGlobalSection
	GlobalSection(SolutionProperties) = preSolution
		HideSolutionNode = FALSE
	EndGlobalSection
	GlobalSection(ExtensibilityGlobals) = postSolution
		SolutionGuid = {D75494FE-DF3D-4CEA-9861-D8C45DB02A50}
	EndGlobalSection
EndGlobal
